// !$*UTF8*$!
{
	archiveVersion = 1;
	classes = {
	};
	objectVersion = 56;
	objects = {

/* Begin PBXBuildFile section */
		1B54A9E92BBFA78D00801A6B /* TradeMasterApp.swift in Sources */ = {isa = PBXBuildFile; fileRef = 1B54A9E82BBFA78D00801A6B /* TradeMasterApp.swift */; };
		1B54A9EB2BBFA78D00801A6B /* ThemePageView.swift in Sources */ = {isa = PBXBuildFile; fileRef = 1B54A9EA2BBFA78D00801A6B /* ThemePageView.swift */; };
		1B54A9ED2BBFA78D00801A6B /* Item.swift in Sources */ = {isa = PBXBuildFile; fileRef = 1B54A9EC2BBFA78D00801A6B /* Item.swift */; };
		1B54A9EF2BBFA78F00801A6B /* Assets.xcassets in Resources */ = {isa = PBXBuildFile; fileRef = 1B54A9EE2BBFA78F00801A6B /* Assets.xcassets */; };
		1B54A9F22BBFA78F00801A6B /* Preview Assets.xcassets in Resources */ = {isa = PBXBuildFile; fileRef = 1B54A9F12BBFA78F00801A6B /* Preview Assets.xcassets */; };
		1B5D326E2BE3211A00E5CF62 /* Welcome.swift in Sources */ = {isa = PBXBuildFile; fileRef = 1B5D326D2BE3211A00E5CF62 /* Welcome.swift */; };
		1B5D32702BE3ECA300E5CF62 /* SignInEmailViewModel.swift in Sources */ = {isa = PBXBuildFile; fileRef = 1B5D326F2BE3ECA300E5CF62 /* SignInEmailViewModel.swift */; };
		1B5D32722BE3EF8600E5CF62 /* AuthDataResultModel.swift in Sources */ = {isa = PBXBuildFile; fileRef = 1B5D32712BE3EF8600E5CF62 /* AuthDataResultModel.swift */; };
		1B5D32742BE4584200E5CF62 /* Utils.swift in Sources */ = {isa = PBXBuildFile; fileRef = 1B5D32732BE4584200E5CF62 /* Utils.swift */; };
		1B8E58DA2BD97F74009DB97A /* SplashScreenView.swift in Sources */ = {isa = PBXBuildFile; fileRef = 1B8E58D92BD97F74009DB97A /* SplashScreenView.swift */; };
		1B8E58DC2BD99BE8009DB97A /* README.md in Resources */ = {isa = PBXBuildFile; fileRef = 1B8E58DB2BD99BE8009DB97A /* README.md */; };
		1B8E58DE2BD9EE9B009DB97A /* Theme.swift in Sources */ = {isa = PBXBuildFile; fileRef = 1B8E58DD2BD9EE9B009DB97A /* Theme.swift */; };
		1B8E58E02BDAA5D8009DB97A /* ThemeManager.swift in Sources */ = {isa = PBXBuildFile; fileRef = 1B8E58DF2BDAA5D8009DB97A /* ThemeManager.swift */; };
		1B8E58E22BDAAF54009DB97A /* Constants.swift in Sources */ = {isa = PBXBuildFile; fileRef = 1B8E58E12BDAAF54009DB97A /* Constants.swift */; };
		1B8E58E42BDAF016009DB97A /* Onboarding1.swift in Sources */ = {isa = PBXBuildFile; fileRef = 1B8E58E32BDAF016009DB97A /* Onboarding1.swift */; };
		1B8E58E62BDB35BE009DB97A /* Onboarding2.swift in Sources */ = {isa = PBXBuildFile; fileRef = 1B8E58E52BDB35BE009DB97A /* Onboarding2.swift */; };
		1B8E58E82BDB3A68009DB97A /* Onboarding3.swift in Sources */ = {isa = PBXBuildFile; fileRef = 1B8E58E72BDB3A68009DB97A /* Onboarding3.swift */; };
		1B8E58EA2BDB4061009DB97A /* RegistrationView.swift in Sources */ = {isa = PBXBuildFile; fileRef = 1B8E58E92BDB4061009DB97A /* RegistrationView.swift */; };
		1B8E58EC2BDD7425009DB97A /* SignIn.swift in Sources */ = {isa = PBXBuildFile; fileRef = 1B8E58EB2BDD7424009DB97A /* SignIn.swift */; };
		1B8E58EE2BDD7434009DB97A /* SignUp.swift in Sources */ = {isa = PBXBuildFile; fileRef = 1B8E58ED2BDD7434009DB97A /* SignUp.swift */; };
		1B8E58F02BDEC90C009DB97A /* SignInNumber.swift in Sources */ = {isa = PBXBuildFile; fileRef = 1B8E58EF2BDEC90C009DB97A /* SignInNumber.swift */; };
		1B8E58F22BDEC948009DB97A /* SignUpNumber.swift in Sources */ = {isa = PBXBuildFile; fileRef = 1B8E58F12BDEC948009DB97A /* SignUpNumber.swift */; };
		1B8E58F62BE06688009DB97A /* FirebaseSecureField.swift in Sources */ = {isa = PBXBuildFile; fileRef = 1B8E58F52BE06688009DB97A /* FirebaseSecureField.swift */; };
		1B8E58F82BE066D8009DB97A /* FirebaseTextField.swift in Sources */ = {isa = PBXBuildFile; fileRef = 1B8E58F72BE066D8009DB97A /* FirebaseTextField.swift */; };
		1B8E58FD2BE16F7E009DB97A /* FirebaseAnalytics in Frameworks */ = {isa = PBXBuildFile; productRef = 1B8E58FC2BE16F7E009DB97A /* FirebaseAnalytics */; };
		1B8E58FF2BE16F7E009DB97A /* FirebaseAnalyticsOnDeviceConversion in Frameworks */ = {isa = PBXBuildFile; productRef = 1B8E58FE2BE16F7E009DB97A /* FirebaseAnalyticsOnDeviceConversion */; };
		1B8E59012BE16F7E009DB97A /* FirebaseAnalyticsSwift in Frameworks */ = {isa = PBXBuildFile; productRef = 1B8E59002BE16F7E009DB97A /* FirebaseAnalyticsSwift */; };
		1B8E59032BE16F7E009DB97A /* FirebaseAnalyticsWithoutAdIdSupport in Frameworks */ = {isa = PBXBuildFile; productRef = 1B8E59022BE16F7E009DB97A /* FirebaseAnalyticsWithoutAdIdSupport */; };
		1B8E59052BE16F7E009DB97A /* FirebaseAppCheck in Frameworks */ = {isa = PBXBuildFile; productRef = 1B8E59042BE16F7E009DB97A /* FirebaseAppCheck */; };
		1B8E59082BE1D0D4009DB97A /* FirebaseAuth in Frameworks */ = {isa = PBXBuildFile; productRef = 1B8E59072BE1D0D4009DB97A /* FirebaseAuth */; };
		1B8E590A2BE1D4A5009DB97A /* AuthenticationManager.swift in Sources */ = {isa = PBXBuildFile; fileRef = 1B8E59092BE1D4A5009DB97A /* AuthenticationManager.swift */; };
		1BA5E8BA2BE5832E00B93CD5 /* LoginPinSetup.swift in Sources */ = {isa = PBXBuildFile; fileRef = 1BA5E8B92BE5832E00B93CD5 /* LoginPinSetup.swift */; };
		1BA5E8BE2BE58F0700B93CD5 /* AccountSetUpEmail.swift in Sources */ = {isa = PBXBuildFile; fileRef = 1BA5E8BD2BE58F0600B93CD5 /* AccountSetUpEmail.swift */; };
		1BA5E8C02BE591B100B93CD5 /* UserDetailsModel.swift in Sources */ = {isa = PBXBuildFile; fileRef = 1BA5E8BF2BE591B000B93CD5 /* UserDetailsModel.swift */; };
		1BA5E8C22BE594C700B93CD5 /* AccountVerification1.swift in Sources */ = {isa = PBXBuildFile; fileRef = 1BA5E8C12BE594C700B93CD5 /* AccountVerification1.swift */; };
		1BA5E8C42BE594D000B93CD5 /* AccountVerification2.swift in Sources */ = {isa = PBXBuildFile; fileRef = 1BA5E8C32BE594D000B93CD5 /* AccountVerification2.swift */; };
		1BA5E8C62BE594DB00B93CD5 /* AccountVerification3.swift in Sources */ = {isa = PBXBuildFile; fileRef = 1BA5E8C52BE594DB00B93CD5 /* AccountVerification3.swift */; };
		1BA5E8C82BE59F7D00B93CD5 /* ScanID.swift in Sources */ = {isa = PBXBuildFile; fileRef = 1BA5E8C72BE59F7D00B93CD5 /* ScanID.swift */; };
		1BA5E8CA2BE5A13A00B93CD5 /* AccountVerification4.swift in Sources */ = {isa = PBXBuildFile; fileRef = 1BA5E8C92BE5A13A00B93CD5 /* AccountVerification4.swift */; };
		1BA5E8CC2BE5A68500B93CD5 /* AccountVerification5.swift in Sources */ = {isa = PBXBuildFile; fileRef = 1BA5E8CB2BE5A68400B93CD5 /* AccountVerification5.swift */; };
		1BA5E8CE2BE5A6F300B93CD5 /* AddingCard.swift in Sources */ = {isa = PBXBuildFile; fileRef = 1BA5E8CD2BE5A6F300B93CD5 /* AddingCard.swift */; };
		1BA5E8D02BE5B05A00B93CD5 /* CardInfo.swift in Sources */ = {isa = PBXBuildFile; fileRef = 1BA5E8CF2BE5B05A00B93CD5 /* CardInfo.swift */; };
		1BA5E8D22BE5B13600B93CD5 /* Card.swift in Sources */ = {isa = PBXBuildFile; fileRef = 1BA5E8D12BE5B13600B93CD5 /* Card.swift */; };
		1BA5E8D42BE5B1A000B93CD5 /* CardModel.swift in Sources */ = {isa = PBXBuildFile; fileRef = 1BA5E8D32BE5B1A000B93CD5 /* CardModel.swift */; };
		1BA5E8D62BE5B4E600B93CD5 /* CardlListView.swift in Sources */ = {isa = PBXBuildFile; fileRef = 1BA5E8D52BE5B4E600B93CD5 /* CardlListView.swift */; };
		1BA5E8D82BE5C33700B93CD5 /* SignInNumberViewModel.swift in Sources */ = {isa = PBXBuildFile; fileRef = 1BA5E8D72BE5C33700B93CD5 /* SignInNumberViewModel.swift */; };
		1BA5E8DC2BE5CAA600B93CD5 /* MainPage.swift in Sources */ = {isa = PBXBuildFile; fileRef = 1BA5E8DB2BE5CAA600B93CD5 /* MainPage.swift */; };
		1BA5E8DE2BE5D6D100B93CD5 /* GoogleService-Info.plist in Resources */ = {isa = PBXBuildFile; fileRef = 1BA5E8DD2BE5D6D100B93CD5 /* GoogleService-Info.plist */; };
		1BA5E8E12BE5D76700B93CD5 /* GoogleSignIn in Frameworks */ = {isa = PBXBuildFile; productRef = 1BA5E8E02BE5D76700B93CD5 /* GoogleSignIn */; };
		1BA5E8E32BE5D76700B93CD5 /* GoogleSignInSwift in Frameworks */ = {isa = PBXBuildFile; productRef = 1BA5E8E22BE5D76700B93CD5 /* GoogleSignInSwift */; };
		1BA5E8E62BE5DA1100B93CD5 /* GoogleSignIn.swift in Sources */ = {isa = PBXBuildFile; fileRef = 1BA5E8E52BE5DA1100B93CD5 /* GoogleSignIn.swift */; };
		1BA5E8E82BE5E50D00B93CD5 /* GoogleSignInResultModel.swift in Sources */ = {isa = PBXBuildFile; fileRef = 1BA5E8E72BE5E50D00B93CD5 /* GoogleSignInResultModel.swift */; };
/* End PBXBuildFile section */

/* Begin PBXFileReference section */
		1B54A9E52BBFA78D00801A6B /* TradeMaster.app */ = {isa = PBXFileReference; explicitFileType = wrapper.application; includeInIndex = 0; path = TradeMaster.app; sourceTree = BUILT_PRODUCTS_DIR; };
		1B54A9E82BBFA78D00801A6B /* TradeMasterApp.swift */ = {isa = PBXFileReference; lastKnownFileType = sourcecode.swift; path = TradeMasterApp.swift; sourceTree = "<group>"; };
		1B54A9EA2BBFA78D00801A6B /* ThemePageView.swift */ = {isa = PBXFileReference; lastKnownFileType = sourcecode.swift; path = ThemePageView.swift; sourceTree = "<group>"; };
		1B54A9EC2BBFA78D00801A6B /* Item.swift */ = {isa = PBXFileReference; lastKnownFileType = sourcecode.swift; path = Item.swift; sourceTree = "<group>"; };
		1B54A9EE2BBFA78F00801A6B /* Assets.xcassets */ = {isa = PBXFileReference; lastKnownFileType = folder.assetcatalog; path = Assets.xcassets; sourceTree = "<group>"; };
		1B54A9F12BBFA78F00801A6B /* Preview Assets.xcassets */ = {isa = PBXFileReference; lastKnownFileType = folder.assetcatalog; path = "Preview Assets.xcassets"; sourceTree = "<group>"; };
		1B5D326D2BE3211A00E5CF62 /* Welcome.swift */ = {isa = PBXFileReference; lastKnownFileType = sourcecode.swift; path = Welcome.swift; sourceTree = "<group>"; };
		1B5D326F2BE3ECA300E5CF62 /* SignInEmailViewModel.swift */ = {isa = PBXFileReference; lastKnownFileType = sourcecode.swift; path = SignInEmailViewModel.swift; sourceTree = "<group>"; };
		1B5D32712BE3EF8600E5CF62 /* AuthDataResultModel.swift */ = {isa = PBXFileReference; lastKnownFileType = sourcecode.swift; path = AuthDataResultModel.swift; sourceTree = "<group>"; };
		1B5D32732BE4584200E5CF62 /* Utils.swift */ = {isa = PBXFileReference; lastKnownFileType = sourcecode.swift; path = Utils.swift; sourceTree = "<group>"; };
		1B8E58D92BD97F74009DB97A /* SplashScreenView.swift */ = {isa = PBXFileReference; lastKnownFileType = sourcecode.swift; path = SplashScreenView.swift; sourceTree = "<group>"; };
		1B8E58DB2BD99BE8009DB97A /* README.md */ = {isa = PBXFileReference; lastKnownFileType = net.daringfireball.markdown; path = README.md; sourceTree = "<group>"; };
		1B8E58DD2BD9EE9B009DB97A /* Theme.swift */ = {isa = PBXFileReference; lastKnownFileType = sourcecode.swift; path = Theme.swift; sourceTree = "<group>"; };
		1B8E58DF2BDAA5D8009DB97A /* ThemeManager.swift */ = {isa = PBXFileReference; lastKnownFileType = sourcecode.swift; path = ThemeManager.swift; sourceTree = "<group>"; };
		1B8E58E12BDAAF54009DB97A /* Constants.swift */ = {isa = PBXFileReference; lastKnownFileType = sourcecode.swift; path = Constants.swift; sourceTree = "<group>"; };
		1B8E58E32BDAF016009DB97A /* Onboarding1.swift */ = {isa = PBXFileReference; lastKnownFileType = sourcecode.swift; path = Onboarding1.swift; sourceTree = "<group>"; };
		1B8E58E52BDB35BE009DB97A /* Onboarding2.swift */ = {isa = PBXFileReference; lastKnownFileType = sourcecode.swift; path = Onboarding2.swift; sourceTree = "<group>"; };
		1B8E58E72BDB3A68009DB97A /* Onboarding3.swift */ = {isa = PBXFileReference; lastKnownFileType = sourcecode.swift; path = Onboarding3.swift; sourceTree = "<group>"; };
		1B8E58E92BDB4061009DB97A /* RegistrationView.swift */ = {isa = PBXFileReference; lastKnownFileType = sourcecode.swift; path = RegistrationView.swift; sourceTree = "<group>"; };
		1B8E58EB2BDD7424009DB97A /* SignIn.swift */ = {isa = PBXFileReference; lastKnownFileType = sourcecode.swift; path = SignIn.swift; sourceTree = "<group>"; };
		1B8E58ED2BDD7434009DB97A /* SignUp.swift */ = {isa = PBXFileReference; lastKnownFileType = sourcecode.swift; path = SignUp.swift; sourceTree = "<group>"; };
		1B8E58EF2BDEC90C009DB97A /* SignInNumber.swift */ = {isa = PBXFileReference; lastKnownFileType = sourcecode.swift; path = SignInNumber.swift; sourceTree = "<group>"; };
		1B8E58F12BDEC948009DB97A /* SignUpNumber.swift */ = {isa = PBXFileReference; lastKnownFileType = sourcecode.swift; path = SignUpNumber.swift; sourceTree = "<group>"; };
		1B8E58F52BE06688009DB97A /* FirebaseSecureField.swift */ = {isa = PBXFileReference; lastKnownFileType = sourcecode.swift; path = FirebaseSecureField.swift; sourceTree = "<group>"; };
		1B8E58F72BE066D8009DB97A /* FirebaseTextField.swift */ = {isa = PBXFileReference; lastKnownFileType = sourcecode.swift; path = FirebaseTextField.swift; sourceTree = "<group>"; };
		1B8E59092BE1D4A5009DB97A /* AuthenticationManager.swift */ = {isa = PBXFileReference; lastKnownFileType = sourcecode.swift; path = AuthenticationManager.swift; sourceTree = "<group>"; };
		1BA5E8B92BE5832E00B93CD5 /* LoginPinSetup.swift */ = {isa = PBXFileReference; lastKnownFileType = sourcecode.swift; path = LoginPinSetup.swift; sourceTree = "<group>"; };
		1BA5E8BD2BE58F0600B93CD5 /* AccountSetUpEmail.swift */ = {isa = PBXFileReference; lastKnownFileType = sourcecode.swift; path = AccountSetUpEmail.swift; sourceTree = "<group>"; };
		1BA5E8BF2BE591B000B93CD5 /* UserDetailsModel.swift */ = {isa = PBXFileReference; lastKnownFileType = sourcecode.swift; path = UserDetailsModel.swift; sourceTree = "<group>"; };
		1BA5E8C12BE594C700B93CD5 /* AccountVerification1.swift */ = {isa = PBXFileReference; lastKnownFileType = sourcecode.swift; path = AccountVerification1.swift; sourceTree = "<group>"; };
		1BA5E8C32BE594D000B93CD5 /* AccountVerification2.swift */ = {isa = PBXFileReference; lastKnownFileType = sourcecode.swift; path = AccountVerification2.swift; sourceTree = "<group>"; };
		1BA5E8C52BE594DB00B93CD5 /* AccountVerification3.swift */ = {isa = PBXFileReference; lastKnownFileType = sourcecode.swift; path = AccountVerification3.swift; sourceTree = "<group>"; };
		1BA5E8C72BE59F7D00B93CD5 /* ScanID.swift */ = {isa = PBXFileReference; lastKnownFileType = sourcecode.swift; path = ScanID.swift; sourceTree = "<group>"; };
		1BA5E8C92BE5A13A00B93CD5 /* AccountVerification4.swift */ = {isa = PBXFileReference; lastKnownFileType = sourcecode.swift; path = AccountVerification4.swift; sourceTree = "<group>"; };
		1BA5E8CB2BE5A68400B93CD5 /* AccountVerification5.swift */ = {isa = PBXFileReference; lastKnownFileType = sourcecode.swift; path = AccountVerification5.swift; sourceTree = "<group>"; };
		1BA5E8CD2BE5A6F300B93CD5 /* AddingCard.swift */ = {isa = PBXFileReference; lastKnownFileType = sourcecode.swift; path = AddingCard.swift; sourceTree = "<group>"; };
		1BA5E8CF2BE5B05A00B93CD5 /* CardInfo.swift */ = {isa = PBXFileReference; lastKnownFileType = sourcecode.swift; path = CardInfo.swift; sourceTree = "<group>"; };
		1BA5E8D12BE5B13600B93CD5 /* Card.swift */ = {isa = PBXFileReference; lastKnownFileType = sourcecode.swift; path = Card.swift; sourceTree = "<group>"; };
		1BA5E8D32BE5B1A000B93CD5 /* CardModel.swift */ = {isa = PBXFileReference; lastKnownFileType = sourcecode.swift; path = CardModel.swift; sourceTree = "<group>"; };
		1BA5E8D52BE5B4E600B93CD5 /* CardlListView.swift */ = {isa = PBXFileReference; lastKnownFileType = sourcecode.swift; path = CardlListView.swift; sourceTree = "<group>"; };
		1BA5E8D72BE5C33700B93CD5 /* SignInNumberViewModel.swift */ = {isa = PBXFileReference; lastKnownFileType = sourcecode.swift; path = SignInNumberViewModel.swift; sourceTree = "<group>"; };
		1BA5E8DB2BE5CAA600B93CD5 /* MainPage.swift */ = {isa = PBXFileReference; lastKnownFileType = sourcecode.swift; path = MainPage.swift; sourceTree = "<group>"; };
		1BA5E8DD2BE5D6D100B93CD5 /* GoogleService-Info.plist */ = {isa = PBXFileReference; fileEncoding = 4; lastKnownFileType = text.plist.xml; path = "GoogleService-Info.plist"; sourceTree = "<group>"; };
		1BA5E8E42BE5D7D000B93CD5 /* Info.plist */ = {isa = PBXFileReference; lastKnownFileType = text.plist; path = Info.plist; sourceTree = "<group>"; };
		1BA5E8E52BE5DA1100B93CD5 /* GoogleSignIn.swift */ = {isa = PBXFileReference; lastKnownFileType = sourcecode.swift; path = GoogleSignIn.swift; sourceTree = "<group>"; };
		1BA5E8E72BE5E50D00B93CD5 /* GoogleSignInResultModel.swift */ = {isa = PBXFileReference; lastKnownFileType = sourcecode.swift; path = GoogleSignInResultModel.swift; sourceTree = "<group>"; };
/* End PBXFileReference section */

/* Begin PBXFrameworksBuildPhase section */
		1B54A9E22BBFA78D00801A6B /* Frameworks */ = {
			isa = PBXFrameworksBuildPhase;
			buildActionMask = 2147483647;
			files = (
				1B8E59012BE16F7E009DB97A /* FirebaseAnalyticsSwift in Frameworks */,
				1B8E59082BE1D0D4009DB97A /* FirebaseAuth in Frameworks */,
				1B8E58FD2BE16F7E009DB97A /* FirebaseAnalytics in Frameworks */,
				1BA5E8E32BE5D76700B93CD5 /* GoogleSignInSwift in Frameworks */,
				1B8E58FF2BE16F7E009DB97A /* FirebaseAnalyticsOnDeviceConversion in Frameworks */,
				1B8E59052BE16F7E009DB97A /* FirebaseAppCheck in Frameworks */,
				1B8E59032BE16F7E009DB97A /* FirebaseAnalyticsWithoutAdIdSupport in Frameworks */,
				1BA5E8E12BE5D76700B93CD5 /* GoogleSignIn in Frameworks */,
			);
			runOnlyForDeploymentPostprocessing = 0;
		};
/* End PBXFrameworksBuildPhase section */

/* Begin PBXGroup section */
		1B54A9DC2BBFA78D00801A6B = {
			isa = PBXGroup;
			children = (
				1B8E58DB2BD99BE8009DB97A /* README.md */,
				1B54A9E72BBFA78D00801A6B /* TradeMaster */,
				1B54A9E62BBFA78D00801A6B /* Products */,
				1B8E59062BE1D0D4009DB97A /* Frameworks */,
			);
			sourceTree = "<group>";
		};
		1B54A9E62BBFA78D00801A6B /* Products */ = {
			isa = PBXGroup;
			children = (
				1B54A9E52BBFA78D00801A6B /* TradeMaster.app */,
			);
			name = Products;
			sourceTree = "<group>";
		};
		1B54A9E72BBFA78D00801A6B /* TradeMaster */ = {
			isa = PBXGroup;
			children = (
				1BA5E8E42BE5D7D000B93CD5 /* Info.plist */,
				1BA5E8DD2BE5D6D100B93CD5 /* GoogleService-Info.plist */,
				1B5D326A2BE31D9C00E5CF62 /* Utils */,
				1B8E590B2BE1D4AE009DB97A /* Services */,
				1B8E58D82BD978A4009DB97A /* ModelView */,
				1B54A9F92BBFA7E900801A6B /* Models */,
				1B54A9F82BBFA7A000801A6B /* Views */,
				1B54A9E82BBFA78D00801A6B /* TradeMasterApp.swift */,
				1B54A9EC2BBFA78D00801A6B /* Item.swift */,
				1B54A9EE2BBFA78F00801A6B /* Assets.xcassets */,
				1B54A9F02BBFA78F00801A6B /* Preview Content */,
			);
			path = TradeMaster;
			sourceTree = "<group>";
		};
		1B54A9F02BBFA78F00801A6B /* Preview Content */ = {
			isa = PBXGroup;
			children = (
				1B54A9F12BBFA78F00801A6B /* Preview Assets.xcassets */,
			);
			path = "Preview Content";
			sourceTree = "<group>";
		};
		1B54A9F82BBFA7A000801A6B /* Views */ = {
			isa = PBXGroup;
			children = (
				1B54A9EA2BBFA78D00801A6B /* ThemePageView.swift */,
				1B8E58D92BD97F74009DB97A /* SplashScreenView.swift */,
				1B8E58E32BDAF016009DB97A /* Onboarding1.swift */,
				1B8E58E52BDB35BE009DB97A /* Onboarding2.swift */,
				1B8E58E72BDB3A68009DB97A /* Onboarding3.swift */,
				1B8E58E92BDB4061009DB97A /* RegistrationView.swift */,
				1B8E58EB2BDD7424009DB97A /* SignIn.swift */,
				1B8E58ED2BDD7434009DB97A /* SignUp.swift */,
				1B8E58EF2BDEC90C009DB97A /* SignInNumber.swift */,
				1B8E58F12BDEC948009DB97A /* SignUpNumber.swift */,
				1B8E58F52BE06688009DB97A /* FirebaseSecureField.swift */,
				1B8E58F72BE066D8009DB97A /* FirebaseTextField.swift */,
				1B5D326D2BE3211A00E5CF62 /* Welcome.swift */,
				1BA5E8B92BE5832E00B93CD5 /* LoginPinSetup.swift */,
				1BA5E8BD2BE58F0600B93CD5 /* AccountSetUpEmail.swift */,
				1BA5E8C12BE594C700B93CD5 /* AccountVerification1.swift */,
				1BA5E8C32BE594D000B93CD5 /* AccountVerification2.swift */,
				1BA5E8C52BE594DB00B93CD5 /* AccountVerification3.swift */,
				1BA5E8C92BE5A13A00B93CD5 /* AccountVerification4.swift */,
				1BA5E8CB2BE5A68400B93CD5 /* AccountVerification5.swift */,
				1BA5E8C72BE59F7D00B93CD5 /* ScanID.swift */,
				1BA5E8CD2BE5A6F300B93CD5 /* AddingCard.swift */,
				1BA5E8CF2BE5B05A00B93CD5 /* CardInfo.swift */,
				1BA5E8DB2BE5CAA600B93CD5 /* MainPage.swift */,
			);
			path = Views;
			sourceTree = "<group>";
		};
		1B54A9F92BBFA7E900801A6B /* Models */ = {
			isa = PBXGroup;
			children = (
				1B8E58DD2BD9EE9B009DB97A /* Theme.swift */,
				1B8E58E12BDAAF54009DB97A /* Constants.swift */,
				1B5D32712BE3EF8600E5CF62 /* AuthDataResultModel.swift */,
				1BA5E8D12BE5B13600B93CD5 /* Card.swift */,
				1BA5E8E72BE5E50D00B93CD5 /* GoogleSignInResultModel.swift */,
			);
			path = Models;
			sourceTree = "<group>";
		};
		1B5D326A2BE31D9C00E5CF62 /* Utils */ = {
			isa = PBXGroup;
			children = (
				1B5D32732BE4584200E5CF62 /* Utils.swift */,
			);
			name = Utils;
			sourceTree = "<group>";
		};
		1B8E58D82BD978A4009DB97A /* ModelView */ = {
			isa = PBXGroup;
			children = (
				1B8E58DF2BDAA5D8009DB97A /* ThemeManager.swift */,
				1B5D326F2BE3ECA300E5CF62 /* SignInEmailViewModel.swift */,
				1BA5E8BF2BE591B000B93CD5 /* UserDetailsModel.swift */,
				1BA5E8D32BE5B1A000B93CD5 /* CardModel.swift */,
				1BA5E8D52BE5B4E600B93CD5 /* CardlListView.swift */,
				1BA5E8D72BE5C33700B93CD5 /* SignInNumberViewModel.swift */,
				1BA5E8E52BE5DA1100B93CD5 /* GoogleSignIn.swift */,
			);
			name = ModelView;
			sourceTree = "<group>";
		};
		1B8E59062BE1D0D4009DB97A /* Frameworks */ = {
			isa = PBXGroup;
			children = (
			);
			name = Frameworks;
			sourceTree = "<group>";
		};
		1B8E590B2BE1D4AE009DB97A /* Services */ = {
			isa = PBXGroup;
			children = (
				1B8E59092BE1D4A5009DB97A /* AuthenticationManager.swift */,
			);
			path = Services;
			sourceTree = "<group>";
		};
/* End PBXGroup section */

/* Begin PBXNativeTarget section */
		1B54A9E42BBFA78D00801A6B /* TradeMaster */ = {
			isa = PBXNativeTarget;
			buildConfigurationList = 1B54A9F52BBFA78F00801A6B /* Build configuration list for PBXNativeTarget "TradeMaster" */;
			buildPhases = (
				1B54A9E12BBFA78D00801A6B /* Sources */,
				1B54A9E22BBFA78D00801A6B /* Frameworks */,
				1B54A9E32BBFA78D00801A6B /* Resources */,
			);
			buildRules = (
			);
			dependencies = (
			);
			name = TradeMaster;
			packageProductDependencies = (
				1B8E58FC2BE16F7E009DB97A /* FirebaseAnalytics */,
				1B8E58FE2BE16F7E009DB97A /* FirebaseAnalyticsOnDeviceConversion */,
				1B8E59002BE16F7E009DB97A /* FirebaseAnalyticsSwift */,
				1B8E59022BE16F7E009DB97A /* FirebaseAnalyticsWithoutAdIdSupport */,
				1B8E59042BE16F7E009DB97A /* FirebaseAppCheck */,
				1B8E59072BE1D0D4009DB97A /* FirebaseAuth */,
				1BA5E8E02BE5D76700B93CD5 /* GoogleSignIn */,
				1BA5E8E22BE5D76700B93CD5 /* GoogleSignInSwift */,
			);
			productName = TradeMaster;
			productReference = 1B54A9E52BBFA78D00801A6B /* TradeMaster.app */;
			productType = "com.apple.product-type.application";
		};
/* End PBXNativeTarget section */

/* Begin PBXProject section */
		1B54A9DD2BBFA78D00801A6B /* Project object */ = {
			isa = PBXProject;
			attributes = {
				BuildIndependentTargetsInParallel = 1;
				LastSwiftUpdateCheck = 1520;
				LastUpgradeCheck = 1520;
				TargetAttributes = {
					1B54A9E42BBFA78D00801A6B = {
						CreatedOnToolsVersion = 15.2;
					};
				};
			};
			buildConfigurationList = 1B54A9E02BBFA78D00801A6B /* Build configuration list for PBXProject "TradeMaster" */;
			compatibilityVersion = "Xcode 14.0";
			developmentRegion = en;
			hasScannedForEncodings = 0;
			knownRegions = (
				en,
				Base,
			);
			mainGroup = 1B54A9DC2BBFA78D00801A6B;
			packageReferences = (
				1B8E58FB2BE16F7E009DB97A /* XCRemoteSwiftPackageReference "firebase-ios-sdk" */,
				1BA5E8DF2BE5D76700B93CD5 /* XCRemoteSwiftPackageReference "GoogleSignIn-iOS" */,
			);
			productRefGroup = 1B54A9E62BBFA78D00801A6B /* Products */;
			projectDirPath = "";
			projectRoot = "";
			targets = (
				1B54A9E42BBFA78D00801A6B /* TradeMaster */,
			);
		};
/* End PBXProject section */

/* Begin PBXResourcesBuildPhase section */
		1B54A9E32BBFA78D00801A6B /* Resources */ = {
			isa = PBXResourcesBuildPhase;
			buildActionMask = 2147483647;
			files = (
				1B8E58DC2BD99BE8009DB97A /* README.md in Resources */,
				1BA5E8DE2BE5D6D100B93CD5 /* GoogleService-Info.plist in Resources */,
				1B54A9F22BBFA78F00801A6B /* Preview Assets.xcassets in Resources */,
				1B54A9EF2BBFA78F00801A6B /* Assets.xcassets in Resources */,
			);
			runOnlyForDeploymentPostprocessing = 0;
		};
/* End PBXResourcesBuildPhase section */

/* Begin PBXSourcesBuildPhase section */
		1B54A9E12BBFA78D00801A6B /* Sources */ = {
			isa = PBXSourcesBuildPhase;
			buildActionMask = 2147483647;
			files = (
				1BA5E8D82BE5C33700B93CD5 /* SignInNumberViewModel.swift in Sources */,
				1B8E58EA2BDB4061009DB97A /* RegistrationView.swift in Sources */,
				1B8E58F22BDEC948009DB97A /* SignUpNumber.swift in Sources */,
				1B8E58E62BDB35BE009DB97A /* Onboarding2.swift in Sources */,
				1B8E58E42BDAF016009DB97A /* Onboarding1.swift in Sources */,
				1BA5E8DC2BE5CAA600B93CD5 /* MainPage.swift in Sources */,
				1B8E58E82BDB3A68009DB97A /* Onboarding3.swift in Sources */,
				1B8E590A2BE1D4A5009DB97A /* AuthenticationManager.swift in Sources */,
				1B5D32722BE3EF8600E5CF62 /* AuthDataResultModel.swift in Sources */,
				1BA5E8D62BE5B4E600B93CD5 /* CardlListView.swift in Sources */,
				1BA5E8D02BE5B05A00B93CD5 /* CardInfo.swift in Sources */,
				1B5D32742BE4584200E5CF62 /* Utils.swift in Sources */,
				1BA5E8C62BE594DB00B93CD5 /* AccountVerification3.swift in Sources */,
				1BA5E8BE2BE58F0700B93CD5 /* AccountSetUpEmail.swift in Sources */,
				1B54A9EB2BBFA78D00801A6B /* ThemePageView.swift in Sources */,
				1BA5E8C22BE594C700B93CD5 /* AccountVerification1.swift in Sources */,
				1BA5E8CE2BE5A6F300B93CD5 /* AddingCard.swift in Sources */,
				1B54A9ED2BBFA78D00801A6B /* Item.swift in Sources */,
				1B8E58F62BE06688009DB97A /* FirebaseSecureField.swift in Sources */,
				1BA5E8C02BE591B100B93CD5 /* UserDetailsModel.swift in Sources */,
				1B8E58F02BDEC90C009DB97A /* SignInNumber.swift in Sources */,
				1B8E58F82BE066D8009DB97A /* FirebaseTextField.swift in Sources */,
				1B8E58DE2BD9EE9B009DB97A /* Theme.swift in Sources */,
				1BA5E8C42BE594D000B93CD5 /* AccountVerification2.swift in Sources */,
				1BA5E8CC2BE5A68500B93CD5 /* AccountVerification5.swift in Sources */,
				1B5D326E2BE3211A00E5CF62 /* Welcome.swift in Sources */,
				1BA5E8D22BE5B13600B93CD5 /* Card.swift in Sources */,
				1BA5E8D42BE5B1A000B93CD5 /* CardModel.swift in Sources */,
				1B8E58EC2BDD7425009DB97A /* SignIn.swift in Sources */,
				1BA5E8E82BE5E50D00B93CD5 /* GoogleSignInResultModel.swift in Sources */,
				1BA5E8C82BE59F7D00B93CD5 /* ScanID.swift in Sources */,
				1B54A9E92BBFA78D00801A6B /* TradeMasterApp.swift in Sources */,
				1BA5E8BA2BE5832E00B93CD5 /* LoginPinSetup.swift in Sources */,
				1B8E58E22BDAAF54009DB97A /* Constants.swift in Sources */,
				1B5D32702BE3ECA300E5CF62 /* SignInEmailViewModel.swift in Sources */,
				1B8E58DA2BD97F74009DB97A /* SplashScreenView.swift in Sources */,
				1BA5E8CA2BE5A13A00B93CD5 /* AccountVerification4.swift in Sources */,
				1BA5E8E62BE5DA1100B93CD5 /* GoogleSignIn.swift in Sources */,
				1B8E58EE2BDD7434009DB97A /* SignUp.swift in Sources */,
				1B8E58E02BDAA5D8009DB97A /* ThemeManager.swift in Sources */,
			);
			runOnlyForDeploymentPostprocessing = 0;
		};
/* End PBXSourcesBuildPhase section */

/* Begin XCBuildConfiguration section */
		1B54A9F32BBFA78F00801A6B /* Debug */ = {
			isa = XCBuildConfiguration;
			buildSettings = {
				ALWAYS_SEARCH_USER_PATHS = NO;
				ASSETCATALOG_COMPILER_GENERATE_SWIFT_ASSET_SYMBOL_EXTENSIONS = YES;
				CLANG_ANALYZER_NONNULL = YES;
				CLANG_ANALYZER_NUMBER_OBJECT_CONVERSION = YES_AGGRESSIVE;
				CLANG_CXX_LANGUAGE_STANDARD = "gnu++20";
				CLANG_ENABLE_MODULES = YES;
				CLANG_ENABLE_OBJC_ARC = YES;
				CLANG_ENABLE_OBJC_WEAK = YES;
				CLANG_WARN_BLOCK_CAPTURE_AUTORELEASING = YES;
				CLANG_WARN_BOOL_CONVERSION = YES;
				CLANG_WARN_COMMA = YES;
				CLANG_WARN_CONSTANT_CONVERSION = YES;
				CLANG_WARN_DEPRECATED_OBJC_IMPLEMENTATIONS = YES;
				CLANG_WARN_DIRECT_OBJC_ISA_USAGE = YES_ERROR;
				CLANG_WARN_DOCUMENTATION_COMMENTS = YES;
				CLANG_WARN_EMPTY_BODY = YES;
				CLANG_WARN_ENUM_CONVERSION = YES;
				CLANG_WARN_INFINITE_RECURSION = YES;
				CLANG_WARN_INT_CONVERSION = YES;
				CLANG_WARN_NON_LITERAL_NULL_CONVERSION = YES;
				CLANG_WARN_OBJC_IMPLICIT_RETAIN_SELF = YES;
				CLANG_WARN_OBJC_LITERAL_CONVERSION = YES;
				CLANG_WARN_OBJC_ROOT_CLASS = YES_ERROR;
				CLANG_WARN_QUOTED_INCLUDE_IN_FRAMEWORK_HEADER = YES;
				CLANG_WARN_RANGE_LOOP_ANALYSIS = YES;
				CLANG_WARN_STRICT_PROTOTYPES = YES;
				CLANG_WARN_SUSPICIOUS_MOVE = YES;
				CLANG_WARN_UNGUARDED_AVAILABILITY = YES_AGGRESSIVE;
				CLANG_WARN_UNREACHABLE_CODE = YES;
				CLANG_WARN__DUPLICATE_METHOD_MATCH = YES;
				COPY_PHASE_STRIP = NO;
				DEBUG_INFORMATION_FORMAT = dwarf;
				ENABLE_STRICT_OBJC_MSGSEND = YES;
				ENABLE_TESTABILITY = YES;
				ENABLE_USER_SCRIPT_SANDBOXING = YES;
				GCC_C_LANGUAGE_STANDARD = gnu17;
				GCC_DYNAMIC_NO_PIC = NO;
				GCC_NO_COMMON_BLOCKS = YES;
				GCC_OPTIMIZATION_LEVEL = 0;
				GCC_PREPROCESSOR_DEFINITIONS = (
					"DEBUG=1",
					"$(inherited)",
				);
				GCC_WARN_64_TO_32_BIT_CONVERSION = YES;
				GCC_WARN_ABOUT_RETURN_TYPE = YES_ERROR;
				GCC_WARN_UNDECLARED_SELECTOR = YES;
				GCC_WARN_UNINITIALIZED_AUTOS = YES_AGGRESSIVE;
				GCC_WARN_UNUSED_FUNCTION = YES;
				GCC_WARN_UNUSED_VARIABLE = YES;
				IPHONEOS_DEPLOYMENT_TARGET = 17.2;
				LOCALIZATION_PREFERS_STRING_CATALOGS = YES;
				MTL_ENABLE_DEBUG_INFO = INCLUDE_SOURCE;
				MTL_FAST_MATH = YES;
				ONLY_ACTIVE_ARCH = YES;
				SDKROOT = iphoneos;
				SWIFT_ACTIVE_COMPILATION_CONDITIONS = "DEBUG $(inherited)";
				SWIFT_OPTIMIZATION_LEVEL = "-Onone";
			};
			name = Debug;
		};
		1B54A9F42BBFA78F00801A6B /* Release */ = {
			isa = XCBuildConfiguration;
			buildSettings = {
				ALWAYS_SEARCH_USER_PATHS = NO;
				ASSETCATALOG_COMPILER_GENERATE_SWIFT_ASSET_SYMBOL_EXTENSIONS = YES;
				CLANG_ANALYZER_NONNULL = YES;
				CLANG_ANALYZER_NUMBER_OBJECT_CONVERSION = YES_AGGRESSIVE;
				CLANG_CXX_LANGUAGE_STANDARD = "gnu++20";
				CLANG_ENABLE_MODULES = YES;
				CLANG_ENABLE_OBJC_ARC = YES;
				CLANG_ENABLE_OBJC_WEAK = YES;
				CLANG_WARN_BLOCK_CAPTURE_AUTORELEASING = YES;
				CLANG_WARN_BOOL_CONVERSION = YES;
				CLANG_WARN_COMMA = YES;
				CLANG_WARN_CONSTANT_CONVERSION = YES;
				CLANG_WARN_DEPRECATED_OBJC_IMPLEMENTATIONS = YES;
				CLANG_WARN_DIRECT_OBJC_ISA_USAGE = YES_ERROR;
				CLANG_WARN_DOCUMENTATION_COMMENTS = YES;
				CLANG_WARN_EMPTY_BODY = YES;
				CLANG_WARN_ENUM_CONVERSION = YES;
				CLANG_WARN_INFINITE_RECURSION = YES;
				CLANG_WARN_INT_CONVERSION = YES;
				CLANG_WARN_NON_LITERAL_NULL_CONVERSION = YES;
				CLANG_WARN_OBJC_IMPLICIT_RETAIN_SELF = YES;
				CLANG_WARN_OBJC_LITERAL_CONVERSION = YES;
				CLANG_WARN_OBJC_ROOT_CLASS = YES_ERROR;
				CLANG_WARN_QUOTED_INCLUDE_IN_FRAMEWORK_HEADER = YES;
				CLANG_WARN_RANGE_LOOP_ANALYSIS = YES;
				CLANG_WARN_STRICT_PROTOTYPES = YES;
				CLANG_WARN_SUSPICIOUS_MOVE = YES;
				CLANG_WARN_UNGUARDED_AVAILABILITY = YES_AGGRESSIVE;
				CLANG_WARN_UNREACHABLE_CODE = YES;
				CLANG_WARN__DUPLICATE_METHOD_MATCH = YES;
				COPY_PHASE_STRIP = NO;
				DEBUG_INFORMATION_FORMAT = "dwarf-with-dsym";
				ENABLE_NS_ASSERTIONS = NO;
				ENABLE_STRICT_OBJC_MSGSEND = YES;
				ENABLE_USER_SCRIPT_SANDBOXING = YES;
				GCC_C_LANGUAGE_STANDARD = gnu17;
				GCC_NO_COMMON_BLOCKS = YES;
				GCC_WARN_64_TO_32_BIT_CONVERSION = YES;
				GCC_WARN_ABOUT_RETURN_TYPE = YES_ERROR;
				GCC_WARN_UNDECLARED_SELECTOR = YES;
				GCC_WARN_UNINITIALIZED_AUTOS = YES_AGGRESSIVE;
				GCC_WARN_UNUSED_FUNCTION = YES;
				GCC_WARN_UNUSED_VARIABLE = YES;
				IPHONEOS_DEPLOYMENT_TARGET = 17.2;
				LOCALIZATION_PREFERS_STRING_CATALOGS = YES;
				MTL_ENABLE_DEBUG_INFO = NO;
				MTL_FAST_MATH = YES;
				SDKROOT = iphoneos;
				SWIFT_COMPILATION_MODE = wholemodule;
				VALIDATE_PRODUCT = YES;
			};
			name = Release;
		};
		1B54A9F62BBFA78F00801A6B /* Debug */ = {
			isa = XCBuildConfiguration;
			buildSettings = {
				ASSETCATALOG_COMPILER_APPICON_NAME = AppIcon;
				ASSETCATALOG_COMPILER_GLOBAL_ACCENT_COLOR_NAME = AccentColor;
				CODE_SIGN_STYLE = Automatic;
				CURRENT_PROJECT_VERSION = 1;
				DEVELOPMENT_ASSET_PATHS = "\"TradeMaster/Preview Content\"";
				ENABLE_PREVIEWS = YES;
				GENERATE_INFOPLIST_FILE = YES;
				INFOPLIST_FILE = TradeMaster/Info.plist;
				INFOPLIST_KEY_UIApplicationSceneManifest_Generation = YES;
				INFOPLIST_KEY_UIApplicationSupportsIndirectInputEvents = YES;
				INFOPLIST_KEY_UILaunchScreen_Generation = YES;
				INFOPLIST_KEY_UISupportedInterfaceOrientations_iPad = "UIInterfaceOrientationPortrait UIInterfaceOrientationPortraitUpsideDown UIInterfaceOrientationLandscapeLeft UIInterfaceOrientationLandscapeRight";
				INFOPLIST_KEY_UISupportedInterfaceOrientations_iPhone = "UIInterfaceOrientationPortrait UIInterfaceOrientationLandscapeLeft UIInterfaceOrientationLandscapeRight";
				LD_RUNPATH_SEARCH_PATHS = (
					"$(inherited)",
					"@executable_path/Frameworks",
				);
				MARKETING_VERSION = 1.0;
				PRODUCT_BUNDLE_IDENTIFIER = edu.syr.amensink.TradeMaster;
				PRODUCT_NAME = "$(TARGET_NAME)";
				SWIFT_EMIT_LOC_STRINGS = YES;
				SWIFT_VERSION = 5.0;
				TARGETED_DEVICE_FAMILY = "1,2";
			};
			name = Debug;
		};
		1B54A9F72BBFA78F00801A6B /* Release */ = {
			isa = XCBuildConfiguration;
			buildSettings = {
				ASSETCATALOG_COMPILER_APPICON_NAME = AppIcon;
				ASSETCATALOG_COMPILER_GLOBAL_ACCENT_COLOR_NAME = AccentColor;
				CODE_SIGN_STYLE = Automatic;
				CURRENT_PROJECT_VERSION = 1;
				DEVELOPMENT_ASSET_PATHS = "\"TradeMaster/Preview Content\"";
				ENABLE_PREVIEWS = YES;
				GENERATE_INFOPLIST_FILE = YES;
				INFOPLIST_FILE = TradeMaster/Info.plist;
				INFOPLIST_KEY_UIApplicationSceneManifest_Generation = YES;
				INFOPLIST_KEY_UIApplicationSupportsIndirectInputEvents = YES;
				INFOPLIST_KEY_UILaunchScreen_Generation = YES;
				INFOPLIST_KEY_UISupportedInterfaceOrientations_iPad = "UIInterfaceOrientationPortrait UIInterfaceOrientationPortraitUpsideDown UIInterfaceOrientationLandscapeLeft UIInterfaceOrientationLandscapeRight";
				INFOPLIST_KEY_UISupportedInterfaceOrientations_iPhone = "UIInterfaceOrientationPortrait UIInterfaceOrientationLandscapeLeft UIInterfaceOrientationLandscapeRight";
				LD_RUNPATH_SEARCH_PATHS = (
					"$(inherited)",
					"@executable_path/Frameworks",
				);
				MARKETING_VERSION = 1.0;
				PRODUCT_BUNDLE_IDENTIFIER = edu.syr.amensink.TradeMaster;
				PRODUCT_NAME = "$(TARGET_NAME)";
				SWIFT_EMIT_LOC_STRINGS = YES;
				SWIFT_VERSION = 5.0;
				TARGETED_DEVICE_FAMILY = "1,2";
			};
			name = Release;
		};
/* End XCBuildConfiguration section */

/* Begin XCConfigurationList section */
		1B54A9E02BBFA78D00801A6B /* Build configuration list for PBXProject "TradeMaster" */ = {
			isa = XCConfigurationList;
			buildConfigurations = (
				1B54A9F32BBFA78F00801A6B /* Debug */,
				1B54A9F42BBFA78F00801A6B /* Release */,
			);
			defaultConfigurationIsVisible = 0;
			defaultConfigurationName = Release;
		};
		1B54A9F52BBFA78F00801A6B /* Build configuration list for PBXNativeTarget "TradeMaster" */ = {
			isa = XCConfigurationList;
			buildConfigurations = (
				1B54A9F62BBFA78F00801A6B /* Debug */,
				1B54A9F72BBFA78F00801A6B /* Release */,
			);
			defaultConfigurationIsVisible = 0;
			defaultConfigurationName = Release;
		};
/* End XCConfigurationList section */

/* Begin XCRemoteSwiftPackageReference section */
		1B8E58FB2BE16F7E009DB97A /* XCRemoteSwiftPackageReference "firebase-ios-sdk" */ = {
			isa = XCRemoteSwiftPackageReference;
			repositoryURL = "https://github.com/firebase/firebase-ios-sdk.git";
			requirement = {
				kind = versionRange;
				maximumVersion = 11.0.0;
				minimumVersion = 10.24.0;
			};
		};
		1BA5E8DF2BE5D76700B93CD5 /* XCRemoteSwiftPackageReference "GoogleSignIn-iOS" */ = {
			isa = XCRemoteSwiftPackageReference;
			repositoryURL = "https://github.com/google/GoogleSignIn-iOS.git";
			requirement = {
				kind = upToNextMajorVersion;
				minimumVersion = 7.1.0;
			};
		};
/* End XCRemoteSwiftPackageReference section */

/* Begin XCSwiftPackageProductDependency section */
		1B8E58FC2BE16F7E009DB97A /* FirebaseAnalytics */ = {
			isa = XCSwiftPackageProductDependency;
			package = 1B8E58FB2BE16F7E009DB97A /* XCRemoteSwiftPackageReference "firebase-ios-sdk" */;
			productName = FirebaseAnalytics;
		};
		1B8E58FE2BE16F7E009DB97A /* FirebaseAnalyticsOnDeviceConversion */ = {
			isa = XCSwiftPackageProductDependency;
			package = 1B8E58FB2BE16F7E009DB97A /* XCRemoteSwiftPackageReference "firebase-ios-sdk" */;
			productName = FirebaseAnalyticsOnDeviceConversion;
		};
		1B8E59002BE16F7E009DB97A /* FirebaseAnalyticsSwift */ = {
			isa = XCSwiftPackageProductDependency;
			package = 1B8E58FB2BE16F7E009DB97A /* XCRemoteSwiftPackageReference "firebase-ios-sdk" */;
			productName = FirebaseAnalyticsSwift;
		};
		1B8E59022BE16F7E009DB97A /* FirebaseAnalyticsWithoutAdIdSupport */ = {
			isa = XCSwiftPackageProductDependency;
			package = 1B8E58FB2BE16F7E009DB97A /* XCRemoteSwiftPackageReference "firebase-ios-sdk" */;
			productName = FirebaseAnalyticsWithoutAdIdSupport;
		};
		1B8E59042BE16F7E009DB97A /* FirebaseAppCheck */ = {
			isa = XCSwiftPackageProductDependency;
			package = 1B8E58FB2BE16F7E009DB97A /* XCRemoteSwiftPackageReference "firebase-ios-sdk" */;
			productName = FirebaseAppCheck;
		};
		1B8E59072BE1D0D4009DB97A /* FirebaseAuth */ = {
			isa = XCSwiftPackageProductDependency;
			package = 1B8E58FB2BE16F7E009DB97A /* XCRemoteSwiftPackageReference "firebase-ios-sdk" */;
			productName = FirebaseAuth;
		};
		1BA5E8E02BE5D76700B93CD5 /* GoogleSignIn */ = {
			isa = XCSwiftPackageProductDependency;
			package = 1BA5E8DF2BE5D76700B93CD5 /* XCRemoteSwiftPackageReference "GoogleSignIn-iOS" */;
			productName = GoogleSignIn;
		};
		1BA5E8E22BE5D76700B93CD5 /* GoogleSignInSwift */ = {
			isa = XCSwiftPackageProductDependency;
			package = 1BA5E8DF2BE5D76700B93CD5 /* XCRemoteSwiftPackageReference "GoogleSignIn-iOS" */;
			productName = GoogleSignInSwift;
		};
/* End XCSwiftPackageProductDependency section */
	};
	rootObject = 1B54A9DD2BBFA78D00801A6B /* Project object */;
}
